
Microsoft Visual Studio Solution File, Format Version 12.00
# Visual Studio Version 17
VisualStudioVersion = 17.10.34928.147
MinimumVisualStudioVersion = 10.0.40219.1
Project("{FAE04EC0-301F-11D3-BF4B-00C04F79EFBC}") = "WindowsFormsApp2", "WindowsFormsApp2.csproj", "{8852DA11-91B5-4BFD-86AB-B68B9735375A}"
EndProject
Project("{54435603-DBB4-11D2-8724-00A0C9A8B90C}") = "QL phòng GYM", "..\QL phòng GYM\QL phòng GYM.vdproj", "{4E02616E-206D-4FA0-A832-69FA9BC948F5}"
EndProject
Global
	GlobalSection(SolutionConfigurationPlatforms) = preSolution
		Debug|Any CPU = Debug|Any CPU
		Release|Any CPU = Release|Any CPU
	EndGlobalSection
	GlobalSection(ProjectConfigurationPlatforms) = postSolution
		{8852DA11-91B5-4BFD-86AB-B68B9735375A}.Debug|Any CPU.ActiveCfg = Debug|Any CPU
		{8852DA11-91B5-4BFD-86AB-B68B9735375A}.Debug|Any CPU.Build.0 = Debug|Any CPU
		{8852DA11-91B5-4BFD-86AB-B68B9735375A}.Release|Any CPU.ActiveCfg = Release|Any CPU
		{8852DA11-91B5-4BFD-86AB-B68B9735375A}.Release|Any CPU.Build.0 = Release|Any CPU
		{4E02616E-206D-4FA0-A832-69FA9BC948F5}.Debug|Any CPU.ActiveCfg = Debug
		{4E02616E-206D-4FA0-A832-69FA9BC948F5}.Release|Any CPU.ActiveCfg = Release
	EndGlobalSection
	GlobalSection(SolutionProperties) = preSolution
		HideSolutionNode = FALSE
	EndGlobalSection
	GlobalSection(ExtensibilityGlobals) = postSolution
		SolutionGuid = {9C75DD1F-5717-43FA-9E1F-313F549453F8}
	EndGlobalSection
EndGlobal
